
Microsoft Visual Studio Solution File, Format Version 12.00
# Visual Studio Version 16
VisualStudioVersion = 16.0.28803.156
MinimumVisualStudioVersion = 10.0.40219.1
Project("{9A19103F-16F7-4668-BE54-9A1E7A4F7556}") = "ayeonbbsbackend", "ayeonbbsbackend\ayeonbbsbackend.csproj", "{CA0FB189-8BD6-40CA-A741-0CA3BC557D49}"
EndProject
Global
	GlobalSection(SolutionConfigurationPlatforms) = preSolution
		Debug|Any CPU = Debug|Any CPU
		Release|Any CPU = Release|Any CPU
	EndGlobalSection
	GlobalSection(ProjectConfigurationPlatforms) = postSolution
		{CA0FB189-8BD6-40CA-A741-0CA3BC557D49}.Debug|Any CPU.ActiveCfg = Debug|Any CPU
		{CA0FB189-8BD6-40CA-A741-0CA3BC557D49}.Debug|Any CPU.Build.0 = Debug|Any CPU
		{CA0FB189-8BD6-40CA-A741-0CA3BC557D49}.Release|Any CPU.ActiveCfg = Release|Any CPU
		{CA0FB189-8BD6-40CA-A741-0CA3BC557D49}.Release|Any CPU.Build.0 = Release|Any CPU
	EndGlobalSection
	GlobalSection(SolutionProperties) = preSolution
		HideSolutionNode = FALSE
	EndGlobalSection
	GlobalSection(ExtensibilityGlobals) = postSolution
		SolutionGuid = {83F2CE5B-4F07-4A09-A6BF-C44D8F3BFF5F}
	EndGlobalSection
EndGlobal
